# THIS IS AN AUTOGENERATED FILE. DO NOT EDIT THIS FILE DIRECTLY.
# yarn lockfile v1


"@bridged.xyz/remote-ui-core@file:../core/lib":
  version "0.0.0"

"@grpc/grpc-js@^1.1.3":
  version "1.1.3"
  resolved "https://registry.yarnpkg.com/@grpc/grpc-js/-/grpc-js-1.1.3.tgz#0b91b166d744b6a43b00430dceff0f0ff88c98d5"
  dependencies:
    semver "^6.2.0"

"@types/node@14.0.27":
  version "14.0.27"
  resolved "https://registry.yarnpkg.com/@types/node/-/node-14.0.27.tgz#a151873af5a5e851b51b3b065c9e63390a9e0eb1"

semver@^6.2.0:
  version "6.3.0"
  resolved "https://registry.yarnpkg.com/semver/-/semver-6.3.0.tgz#ee0a64c8af5e8ceea67687b133761e1becbd1d3d"

typescript@^3.8.3:
  version "3.8.3"
  resolved "https://registry.yarnpkg.com/typescript/-/typescript-3.8.3.tgz#409eb8544ea0335711205869ec458ab109ee1061"
